{
  "requires": true,
  "lockfileVersion": 1,
  "dependencies": {
    "fullcalendar": {
      "version": "3.10.0",
      "resolved": "https://registry.npmjs.org/fullcalendar/-/fullcalendar-3.10.0.tgz",
      "integrity": "sha512-0OtsHhmdYhtFmQwXzyo8VqHzYgamg+zVOoytv5N13gI+iF6CGjevpCi/yBaQs0O4wY3OAp8I688IxdNYe0iAvw=="
    }
  }
}
